
Microsoft Visual Studio Solution File, Format Version 12.00
# Visual Studio Version 17
VisualStudioVersion = 17.6.33815.320
MinimumVisualStudioVersion = 10.0.40219.1
Project("{9A19103F-16F7-4668-BE54-9A1E7A4F7556}") = "01) HelloWorld", "01) HelloWorld\01) HelloWorld.csproj", "{0BFA7B70-9C14-4E7E-9ACD-150C4E14E7EB}"
EndProject
Project("{9A19103F-16F7-4668-BE54-9A1E7A4F7556}") = "02) Uygulama1", "02) Uygulama1\02) Uygulama1.csproj", "{677A9374-6CB2-4D71-A628-F019B4C0F06A}"
EndProject
Project("{9A19103F-16F7-4668-BE54-9A1E7A4F7556}") = "03) Variables_Degiskenler", "03) Variables - Değişkenler\03) Variables_Degiskenler.csproj", "{2DD21C3E-99B9-4A7A-B273-4C750B6D627E}"
EndProject
Project("{9A19103F-16F7-4668-BE54-9A1E7A4F7556}") = "04) DegiskenlerAlistirma1", "04) DegiskenlerAlistirma1\04) DegiskenlerAlistirma1.csproj", "{A262D87D-9F28-473C-83A6-767F3197F244}"
EndProject
Project("{9A19103F-16F7-4668-BE54-9A1E7A4F7556}") = "05) DegiskenlerAlistirmalar2", "05) DegiskenlerAlistirmalar2\05) DegiskenlerAlistirmalar2.csproj", "{7F1B2F66-FEF3-4190-8602-80CE1745F30F}"
EndProject
Project("{9A19103F-16F7-4668-BE54-9A1E7A4F7556}") = "06) DegiskenlerAlistirmalar3", "06) DegiskenlerAlistirmalar3\06) DegiskenlerAlistirmalar3.csproj", "{F8266002-A17D-4431-985B-ED4794E26D71}"
EndProject
Project("{9A19103F-16F7-4668-BE54-9A1E7A4F7556}") = "07) Converting -TurDonusumleri", "07) Converting -TurDonusumleri\07) Converting -TurDonusumleri.csproj", "{32038833-C88A-4BBE-9C8A-AE6164EEB16A}"
EndProject
Project("{9A19103F-16F7-4668-BE54-9A1E7A4F7556}") = "08) Operations", "08) Operations\08) Operations.csproj", "{CC8BC0D6-E876-47DA-A1B3-EDCC5545D159}"
EndProject
Project("{9A19103F-16F7-4668-BE54-9A1E7A4F7556}") = "09) ConvertingOrnek1", "09) ConvertingOrnek1\09) ConvertingOrnek1.csproj", "{F9BEFB1C-F73C-4617-A8A2-793D48945301}"
EndProject
Project("{9A19103F-16F7-4668-BE54-9A1E7A4F7556}") = "10) ConvertingOrnek2", "10) ConvertingOrnek2\10) ConvertingOrnek2.csproj", "{B78D3D25-C934-457B-B1D0-15F98536F2CF}"
EndProject
Project("{9A19103F-16F7-4668-BE54-9A1E7A4F7556}") = "11) Artir-Azalt", "11) Artir-Azalt\11) Artir-Azalt.csproj", "{B0B5574F-087B-4232-BFC3-DBEB1192246B}"
EndProject
Project("{9A19103F-16F7-4668-BE54-9A1E7A4F7556}") = "12) GenelTekrar", "12) GenelTekrar\12) GenelTekrar.csproj", "{D4CF79CD-8929-4949-9A91-BFC2DCB0154F}"
EndProject
Project("{9A19103F-16F7-4668-BE54-9A1E7A4F7556}") = "13) ExceptionHandling", "13) ExceptionHandling\13) ExceptionHandling.csproj", "{F45C9657-4D9A-4F5F-859A-927988454520}"
EndProject
Project("{9A19103F-16F7-4668-BE54-9A1E7A4F7556}") = "14) Try-Catch", "14) Try-Catch\14) Try-Catch.csproj", "{028CF41A-61B2-4593-9A66-E654B4EA4159}"
EndProject
Project("{9A19103F-16F7-4668-BE54-9A1E7A4F7556}") = "15) Debugging", "15) Debugging\15) Debugging.csproj", "{DDDC58DC-159E-40B3-9A1F-70C28AA3357F}"
EndProject
Project("{9A19103F-16F7-4668-BE54-9A1E7A4F7556}") = "16) KararYapilari-If", "16) KararYapilari-If\16) KararYapilari-If.csproj", "{E4197346-70BC-4767-AAA6-D7F40E59AE41}"
EndProject
Project("{9A19103F-16F7-4668-BE54-9A1E7A4F7556}") = "17) Forms1", "17) Forms1\17) Forms1.csproj", "{C8B1B25A-110B-4CA2-8BAB-1CFF2B04082D}"
EndProject
Project("{9A19103F-16F7-4668-BE54-9A1E7A4F7556}") = "18) Forms2", "18) Forms2\18) Forms2.csproj", "{A29DD142-2A76-47F9-82B5-001AD0ED492E}"
EndProject
Project("{9A19103F-16F7-4668-BE54-9A1E7A4F7556}") = "19) IfAlistirma1", "19) IfAlistirma1\19) IfAlistirma1.csproj", "{7881908E-F4D3-4881-B090-F2F426062915}"
EndProject
Project("{9A19103F-16F7-4668-BE54-9A1E7A4F7556}") = "20) IfAlistirmalar2", "20) IfAlistirmalar2\20) IfAlistirmalar2.csproj", "{9FAE4420-613C-460E-8124-59DCCFEE6467}"
EndProject
Project("{9A19103F-16F7-4668-BE54-9A1E7A4F7556}") = "21) KararYapilari-VeVeya", "21) KararYapilari-VeVeya\21) KararYapilari-VeVeya.csproj", "{47A305B6-5A4D-4510-8252-021256C28BC6}"
EndProject
Project("{9A19103F-16F7-4668-BE54-9A1E7A4F7556}") = "22) IfAlistirmalar3", "22) IfAlistirmalar3\22) IfAlistirmalar3.csproj", "{7D7D48D8-288F-4C1A-859C-55D0B31221A8}"
EndProject
Project("{9A19103F-16F7-4668-BE54-9A1E7A4F7556}") = "23) IfAlistirmalar4", "23) IfAlistirmalar4\23) IfAlistirmalar4.csproj", "{8E0E4D17-8142-4604-8677-7CA32FE0E300}"
EndProject
Project("{9A19103F-16F7-4668-BE54-9A1E7A4F7556}") = "24) RNG", "24) RNG\24) RNG.csproj", "{207E5B3C-2132-44D1-B834-F277C7164B43}"
EndProject
Project("{9A19103F-16F7-4668-BE54-9A1E7A4F7556}") = "25) RNGForm", "25) RNGForm\25) RNGForm.csproj", "{C071ABCA-2922-464C-BF39-86D15080320B}"
EndProject
Project("{9A19103F-16F7-4668-BE54-9A1E7A4F7556}") = "26) Timer", "26) Timer\26) Timer.csproj", "{B5C899D5-1E4D-4CE5-999E-F44CE9CE48C0}"
EndProject
Global
	GlobalSection(SolutionConfigurationPlatforms) = preSolution
		Debug|Any CPU = Debug|Any CPU
		Release|Any CPU = Release|Any CPU
	EndGlobalSection
	GlobalSection(ProjectConfigurationPlatforms) = postSolution
		{0BFA7B70-9C14-4E7E-9ACD-150C4E14E7EB}.Debug|Any CPU.ActiveCfg = Debug|Any CPU
		{0BFA7B70-9C14-4E7E-9ACD-150C4E14E7EB}.Debug|Any CPU.Build.0 = Debug|Any CPU
		{0BFA7B70-9C14-4E7E-9ACD-150C4E14E7EB}.Release|Any CPU.ActiveCfg = Release|Any CPU
		{0BFA7B70-9C14-4E7E-9ACD-150C4E14E7EB}.Release|Any CPU.Build.0 = Release|Any CPU
		{677A9374-6CB2-4D71-A628-F019B4C0F06A}.Debug|Any CPU.ActiveCfg = Debug|Any CPU
		{677A9374-6CB2-4D71-A628-F019B4C0F06A}.Debug|Any CPU.Build.0 = Debug|Any CPU
		{677A9374-6CB2-4D71-A628-F019B4C0F06A}.Release|Any CPU.ActiveCfg = Release|Any CPU
		{677A9374-6CB2-4D71-A628-F019B4C0F06A}.Release|Any CPU.Build.0 = Release|Any CPU
		{2DD21C3E-99B9-4A7A-B273-4C750B6D627E}.Debug|Any CPU.ActiveCfg = Debug|Any CPU
		{2DD21C3E-99B9-4A7A-B273-4C750B6D627E}.Debug|Any CPU.Build.0 = Debug|Any CPU
		{2DD21C3E-99B9-4A7A-B273-4C750B6D627E}.Release|Any CPU.ActiveCfg = Release|Any CPU
		{2DD21C3E-99B9-4A7A-B273-4C750B6D627E}.Release|Any CPU.Build.0 = Release|Any CPU
		{A262D87D-9F28-473C-83A6-767F3197F244}.Debug|Any CPU.ActiveCfg = Debug|Any CPU
		{A262D87D-9F28-473C-83A6-767F3197F244}.Debug|Any CPU.Build.0 = Debug|Any CPU
		{A262D87D-9F28-473C-83A6-767F3197F244}.Release|Any CPU.ActiveCfg = Release|Any CPU
		{A262D87D-9F28-473C-83A6-767F3197F244}.Release|Any CPU.Build.0 = Release|Any CPU
		{7F1B2F66-FEF3-4190-8602-80CE1745F30F}.Debug|Any CPU.ActiveCfg = Debug|Any CPU
		{7F1B2F66-FEF3-4190-8602-80CE1745F30F}.Debug|Any CPU.Build.0 = Debug|Any CPU
		{7F1B2F66-FEF3-4190-8602-80CE1745F30F}.Release|Any CPU.ActiveCfg = Release|Any CPU
		{7F1B2F66-FEF3-4190-8602-80CE1745F30F}.Release|Any CPU.Build.0 = Release|Any CPU
		{F8266002-A17D-4431-985B-ED4794E26D71}.Debug|Any CPU.ActiveCfg = Debug|Any CPU
		{F8266002-A17D-4431-985B-ED4794E26D71}.Debug|Any CPU.Build.0 = Debug|Any CPU
		{F8266002-A17D-4431-985B-ED4794E26D71}.Release|Any CPU.ActiveCfg = Release|Any CPU
		{F8266002-A17D-4431-985B-ED4794E26D71}.Release|Any CPU.Build.0 = Release|Any CPU
		{32038833-C88A-4BBE-9C8A-AE6164EEB16A}.Debug|Any CPU.ActiveCfg = Debug|Any CPU
		{32038833-C88A-4BBE-9C8A-AE6164EEB16A}.Debug|Any CPU.Build.0 = Debug|Any CPU
		{32038833-C88A-4BBE-9C8A-AE6164EEB16A}.Release|Any CPU.ActiveCfg = Release|Any CPU
		{32038833-C88A-4BBE-9C8A-AE6164EEB16A}.Release|Any CPU.Build.0 = Release|Any CPU
		{CC8BC0D6-E876-47DA-A1B3-EDCC5545D159}.Debug|Any CPU.ActiveCfg = Debug|Any CPU
		{CC8BC0D6-E876-47DA-A1B3-EDCC5545D159}.Debug|Any CPU.Build.0 = Debug|Any CPU
		{CC8BC0D6-E876-47DA-A1B3-EDCC5545D159}.Release|Any CPU.ActiveCfg = Release|Any CPU
		{CC8BC0D6-E876-47DA-A1B3-EDCC5545D159}.Release|Any CPU.Build.0 = Release|Any CPU
		{F9BEFB1C-F73C-4617-A8A2-793D48945301}.Debug|Any CPU.ActiveCfg = Debug|Any CPU
		{F9BEFB1C-F73C-4617-A8A2-793D48945301}.Debug|Any CPU.Build.0 = Debug|Any CPU
		{F9BEFB1C-F73C-4617-A8A2-793D48945301}.Release|Any CPU.ActiveCfg = Release|Any CPU
		{F9BEFB1C-F73C-4617-A8A2-793D48945301}.Release|Any CPU.Build.0 = Release|Any CPU
		{B78D3D25-C934-457B-B1D0-15F98536F2CF}.Debug|Any CPU.ActiveCfg = Debug|Any CPU
		{B78D3D25-C934-457B-B1D0-15F98536F2CF}.Debug|Any CPU.Build.0 = Debug|Any CPU
		{B78D3D25-C934-457B-B1D0-15F98536F2CF}.Release|Any CPU.ActiveCfg = Release|Any CPU
		{B78D3D25-C934-457B-B1D0-15F98536F2CF}.Release|Any CPU.Build.0 = Release|Any CPU
		{B0B5574F-087B-4232-BFC3-DBEB1192246B}.Debug|Any CPU.ActiveCfg = Debug|Any CPU
		{B0B5574F-087B-4232-BFC3-DBEB1192246B}.Debug|Any CPU.Build.0 = Debug|Any CPU
		{B0B5574F-087B-4232-BFC3-DBEB1192246B}.Release|Any CPU.ActiveCfg = Release|Any CPU
		{B0B5574F-087B-4232-BFC3-DBEB1192246B}.Release|Any CPU.Build.0 = Release|Any CPU
		{D4CF79CD-8929-4949-9A91-BFC2DCB0154F}.Debug|Any CPU.ActiveCfg = Debug|Any CPU
		{D4CF79CD-8929-4949-9A91-BFC2DCB0154F}.Debug|Any CPU.Build.0 = Debug|Any CPU
		{D4CF79CD-8929-4949-9A91-BFC2DCB0154F}.Release|Any CPU.ActiveCfg = Release|Any CPU
		{D4CF79CD-8929-4949-9A91-BFC2DCB0154F}.Release|Any CPU.Build.0 = Release|Any CPU
		{F45C9657-4D9A-4F5F-859A-927988454520}.Debug|Any CPU.ActiveCfg = Debug|Any CPU
		{F45C9657-4D9A-4F5F-859A-927988454520}.Debug|Any CPU.Build.0 = Debug|Any CPU
		{F45C9657-4D9A-4F5F-859A-927988454520}.Release|Any CPU.ActiveCfg = Release|Any CPU
		{F45C9657-4D9A-4F5F-859A-927988454520}.Release|Any CPU.Build.0 = Release|Any CPU
		{028CF41A-61B2-4593-9A66-E654B4EA4159}.Debug|Any CPU.ActiveCfg = Debug|Any CPU
		{028CF41A-61B2-4593-9A66-E654B4EA4159}.Debug|Any CPU.Build.0 = Debug|Any CPU
		{028CF41A-61B2-4593-9A66-E654B4EA4159}.Release|Any CPU.ActiveCfg = Release|Any CPU
		{028CF41A-61B2-4593-9A66-E654B4EA4159}.Release|Any CPU.Build.0 = Release|Any CPU
		{DDDC58DC-159E-40B3-9A1F-70C28AA3357F}.Debug|Any CPU.ActiveCfg = Debug|Any CPU
		{DDDC58DC-159E-40B3-9A1F-70C28AA3357F}.Debug|Any CPU.Build.0 = Debug|Any CPU
		{DDDC58DC-159E-40B3-9A1F-70C28AA3357F}.Release|Any CPU.ActiveCfg = Release|Any CPU
		{DDDC58DC-159E-40B3-9A1F-70C28AA3357F}.Release|Any CPU.Build.0 = Release|Any CPU
		{E4197346-70BC-4767-AAA6-D7F40E59AE41}.Debug|Any CPU.ActiveCfg = Debug|Any CPU
		{E4197346-70BC-4767-AAA6-D7F40E59AE41}.Debug|Any CPU.Build.0 = Debug|Any CPU
		{E4197346-70BC-4767-AAA6-D7F40E59AE41}.Release|Any CPU.ActiveCfg = Release|Any CPU
		{E4197346-70BC-4767-AAA6-D7F40E59AE41}.Release|Any CPU.Build.0 = Release|Any CPU
		{C8B1B25A-110B-4CA2-8BAB-1CFF2B04082D}.Debug|Any CPU.ActiveCfg = Debug|Any CPU
		{C8B1B25A-110B-4CA2-8BAB-1CFF2B04082D}.Debug|Any CPU.Build.0 = Debug|Any CPU
		{C8B1B25A-110B-4CA2-8BAB-1CFF2B04082D}.Release|Any CPU.ActiveCfg = Release|Any CPU
		{C8B1B25A-110B-4CA2-8BAB-1CFF2B04082D}.Release|Any CPU.Build.0 = Release|Any CPU
		{A29DD142-2A76-47F9-82B5-001AD0ED492E}.Debug|Any CPU.ActiveCfg = Debug|Any CPU
		{A29DD142-2A76-47F9-82B5-001AD0ED492E}.Debug|Any CPU.Build.0 = Debug|Any CPU
		{A29DD142-2A76-47F9-82B5-001AD0ED492E}.Release|Any CPU.ActiveCfg = Release|Any CPU
		{A29DD142-2A76-47F9-82B5-001AD0ED492E}.Release|Any CPU.Build.0 = Release|Any CPU
		{7881908E-F4D3-4881-B090-F2F426062915}.Debug|Any CPU.ActiveCfg = Debug|Any CPU
		{7881908E-F4D3-4881-B090-F2F426062915}.Debug|Any CPU.Build.0 = Debug|Any CPU
		{7881908E-F4D3-4881-B090-F2F426062915}.Release|Any CPU.ActiveCfg = Release|Any CPU
		{7881908E-F4D3-4881-B090-F2F426062915}.Release|Any CPU.Build.0 = Release|Any CPU
		{9FAE4420-613C-460E-8124-59DCCFEE6467}.Debug|Any CPU.ActiveCfg = Debug|Any CPU
		{9FAE4420-613C-460E-8124-59DCCFEE6467}.Debug|Any CPU.Build.0 = Debug|Any CPU
		{9FAE4420-613C-460E-8124-59DCCFEE6467}.Release|Any CPU.ActiveCfg = Release|Any CPU
		{9FAE4420-613C-460E-8124-59DCCFEE6467}.Release|Any CPU.Build.0 = Release|Any CPU
		{47A305B6-5A4D-4510-8252-021256C28BC6}.Debug|Any CPU.ActiveCfg = Debug|Any CPU
		{47A305B6-5A4D-4510-8252-021256C28BC6}.Debug|Any CPU.Build.0 = Debug|Any CPU
		{47A305B6-5A4D-4510-8252-021256C28BC6}.Release|Any CPU.ActiveCfg = Release|Any CPU
		{47A305B6-5A4D-4510-8252-021256C28BC6}.Release|Any CPU.Build.0 = Release|Any CPU
		{7D7D48D8-288F-4C1A-859C-55D0B31221A8}.Debug|Any CPU.ActiveCfg = Debug|Any CPU
		{7D7D48D8-288F-4C1A-859C-55D0B31221A8}.Debug|Any CPU.Build.0 = Debug|Any CPU
		{7D7D48D8-288F-4C1A-859C-55D0B31221A8}.Release|Any CPU.ActiveCfg = Release|Any CPU
		{7D7D48D8-288F-4C1A-859C-55D0B31221A8}.Release|Any CPU.Build.0 = Release|Any CPU
		{8E0E4D17-8142-4604-8677-7CA32FE0E300}.Debug|Any CPU.ActiveCfg = Debug|Any CPU
		{8E0E4D17-8142-4604-8677-7CA32FE0E300}.Debug|Any CPU.Build.0 = Debug|Any CPU
		{8E0E4D17-8142-4604-8677-7CA32FE0E300}.Release|Any CPU.ActiveCfg = Release|Any CPU
		{8E0E4D17-8142-4604-8677-7CA32FE0E300}.Release|Any CPU.Build.0 = Release|Any CPU
		{207E5B3C-2132-44D1-B834-F277C7164B43}.Debug|Any CPU.ActiveCfg = Debug|Any CPU
		{207E5B3C-2132-44D1-B834-F277C7164B43}.Debug|Any CPU.Build.0 = Debug|Any CPU
		{207E5B3C-2132-44D1-B834-F277C7164B43}.Release|Any CPU.ActiveCfg = Release|Any CPU
		{207E5B3C-2132-44D1-B834-F277C7164B43}.Release|Any CPU.Build.0 = Release|Any CPU
		{C071ABCA-2922-464C-BF39-86D15080320B}.Debug|Any CPU.ActiveCfg = Debug|Any CPU
		{C071ABCA-2922-464C-BF39-86D15080320B}.Debug|Any CPU.Build.0 = Debug|Any CPU
		{C071ABCA-2922-464C-BF39-86D15080320B}.Release|Any CPU.ActiveCfg = Release|Any CPU
		{C071ABCA-2922-464C-BF39-86D15080320B}.Release|Any CPU.Build.0 = Release|Any CPU
		{B5C899D5-1E4D-4CE5-999E-F44CE9CE48C0}.Debug|Any CPU.ActiveCfg = Debug|Any CPU
		{B5C899D5-1E4D-4CE5-999E-F44CE9CE48C0}.Debug|Any CPU.Build.0 = Debug|Any CPU
		{B5C899D5-1E4D-4CE5-999E-F44CE9CE48C0}.Release|Any CPU.ActiveCfg = Release|Any CPU
		{B5C899D5-1E4D-4CE5-999E-F44CE9CE48C0}.Release|Any CPU.Build.0 = Release|Any CPU
	EndGlobalSection
	GlobalSection(SolutionProperties) = preSolution
		HideSolutionNode = FALSE
	EndGlobalSection
	GlobalSection(ExtensibilityGlobals) = postSolution
		SolutionGuid = {A70D7B12-1E4E-4A25-8946-5A7B92E88FAA}
	EndGlobalSection
EndGlobal
